
Microsoft Visual Studio Solution File, Format Version 12.00
# Visual Studio Version 17
VisualStudioVersion = 17.9.34714.143
MinimumVisualStudioVersion = 10.0.40219.1
Project("{FAE04EC0-301F-11D3-BF4B-00C04F79EFBC}") = "Labb2_Threads_And_Async", "Labb2_Threads_And_Async.csproj", "{D85C9210-15FE-4353-81DD-EA1E899D0244}"
EndProject
Global
	GlobalSection(SolutionConfigurationPlatforms) = preSolution
		Debug|Any CPU = Debug|Any CPU
		Release|Any CPU = Release|Any CPU
	EndGlobalSection
	GlobalSection(ProjectConfigurationPlatforms) = postSolution
		{D85C9210-15FE-4353-81DD-EA1E899D0244}.Debug|Any CPU.ActiveCfg = Debug|Any CPU
		{D85C9210-15FE-4353-81DD-EA1E899D0244}.Debug|Any CPU.Build.0 = Debug|Any CPU
		{D85C9210-15FE-4353-81DD-EA1E899D0244}.Release|Any CPU.ActiveCfg = Release|Any CPU
		{D85C9210-15FE-4353-81DD-EA1E899D0244}.Release|Any CPU.Build.0 = Release|Any CPU
	EndGlobalSection
	GlobalSection(SolutionProperties) = preSolution
		HideSolutionNode = FALSE
	EndGlobalSection
	GlobalSection(ExtensibilityGlobals) = postSolution
		SolutionGuid = {2E8F38BF-FF0D-46F7-9842-58D9DFB9F556}
	EndGlobalSection
EndGlobal
